// !$*UTF8*$!
{
	archiveVersion = 1;
	classes = {
	};
	objectVersion = 46;
	objects = {

/* Begin PBXBuildFile section */
		96DD671B1B5DE08B00ADCEB3 /* AppDelegate.swift in Sources */ = {isa = PBXBuildFile; fileRef = 96DD671A1B5DE08B00ADCEB3 /* AppDelegate.swift */; };
		96DD671D1B5DE08B00ADCEB3 /* ViewController.swift in Sources */ = {isa = PBXBuildFile; fileRef = 96DD671C1B5DE08B00ADCEB3 /* ViewController.swift */; };
		96DD67201B5DE08B00ADCEB3 /* Main.storyboard in Resources */ = {isa = PBXBuildFile; fileRef = 96DD671E1B5DE08B00ADCEB3 /* Main.storyboard */; };
		96DD67221B5DE08B00ADCEB3 /* Images.xcassets in Resources */ = {isa = PBXBuildFile; fileRef = 96DD67211B5DE08B00ADCEB3 /* Images.xcassets */; };
		96DD67251B5DE08B00ADCEB3 /* LaunchScreen.xib in Resources */ = {isa = PBXBuildFile; fileRef = 96DD67231B5DE08B00ADCEB3 /* LaunchScreen.xib */; };
		96DD67311B5DE08B00ADCEB3 /* RomanNumeralsTests.swift in Sources */ = {isa = PBXBuildFile; fileRef = 96DD67301B5DE08B00ADCEB3 /* RomanNumeralsTests.swift */; };
/* End PBXBuildFile section */

/* Begin PBXContainerItemProxy section */
		96DD672B1B5DE08B00ADCEB3 /* PBXContainerItemProxy */ = {
			isa = PBXContainerItemProxy;
			containerPortal = 96DD670D1B5DE08B00ADCEB3 /* Project object */;
			proxyType = 1;
			remoteGlobalIDString = 96DD67141B5DE08B00ADCEB3;
			remoteInfo = RomanNumerals;
		};
/* End PBXContainerItemProxy section */

/* Begin PBXFileReference section */
		96DD67151B5DE08B00ADCEB3 /* RomanNumerals.app */ = {isa = PBXFileReference; explicitFileType = wrapper.application; includeInIndex = 0; path = RomanNumerals.app; sourceTree = BUILT_PRODUCTS_DIR; };
		96DD67191B5DE08B00ADCEB3 /* Info.plist */ = {isa = PBXFileReference; lastKnownFileType = text.plist.xml; path = Info.plist; sourceTree = "<group>"; };
		96DD671A1B5DE08B00ADCEB3 /* AppDelegate.swift */ = {isa = PBXFileReference; lastKnownFileType = sourcecode.swift; path = AppDelegate.swift; sourceTree = "<group>"; };
		96DD671C1B5DE08B00ADCEB3 /* ViewController.swift */ = {isa = PBXFileReference; lastKnownFileType = sourcecode.swift; path = ViewController.swift; sourceTree = "<group>"; };
		96DD671F1B5DE08B00ADCEB3 /* Base */ = {isa = PBXFileReference; lastKnownFileType = file.storyboard; name = Base; path = Base.lproj/Main.storyboard; sourceTree = "<group>"; };
		96DD67211B5DE08B00ADCEB3 /* Images.xcassets */ = {isa = PBXFileReference; lastKnownFileType = folder.assetcatalog; path = Images.xcassets; sourceTree = "<group>"; };
		96DD67241B5DE08B00ADCEB3 /* Base */ = {isa = PBXFileReference; lastKnownFileType = file.xib; name = Base; path = Base.lproj/LaunchScreen.xib; sourceTree = "<group>"; };
		96DD672A1B5DE08B00ADCEB3 /* RomanNumeralsTests.xctest */ = {isa = PBXFileReference; explicitFileType = wrapper.cfbundle; includeInIndex = 0; path = RomanNumeralsTests.xctest; sourceTree = BUILT_PRODUCTS_DIR; };
		96DD672F1B5DE08B00ADCEB3 /* Info.plist */ = {isa = PBXFileReference; lastKnownFileType = text.plist.xml; path = Info.plist; sourceTree = "<group>"; };
		96DD67301B5DE08B00ADCEB3 /* RomanNumeralsTests.swift */ = {isa = PBXFileReference; lastKnownFileType = sourcecode.swift; path = RomanNumeralsTests.swift; sourceTree = "<group>"; };
/* End PBXFileReference section */

/* Begin PBXFrameworksBuildPhase section */
		96DD67121B5DE08B00ADCEB3 /* Frameworks */ = {
			isa = PBXFrameworksBuildPhase;
			buildActionMask = 2147483647;
			files = (
			);
			runOnlyForDeploymentPostprocessing = 0;
		};
		96DD67271B5DE08B00ADCEB3 /* Frameworks */ = {
			isa = PBXFrameworksBuildPhase;
			buildActionMask = 2147483647;
			files = (
			);
			runOnlyForDeploymentPostprocessing = 0;
		};
/* End PBXFrameworksBuildPhase section */

/* Begin PBXGroup section */
		96DD670C1B5DE08B00ADCEB3 = {
			isa = PBXGroup;
			children = (
				96DD67171B5DE08B00ADCEB3 /* RomanNumerals */,
				96DD672D1B5DE08B00ADCEB3 /* RomanNumeralsTests */,
				96DD67161B5DE08B00ADCEB3 /* Products */,
			);
			sourceTree = "<group>";
		};
		96DD67161B5DE08B00ADCEB3 /* Products */ = {
			isa = PBXGroup;
			children = (
				96DD67151B5DE08B00ADCEB3 /* RomanNumerals.app */,
				96DD672A1B5DE08B00ADCEB3 /* RomanNumeralsTests.xctest */,
			);
			name = Products;
			sourceTree = "<group>";
		};
		96DD67171B5DE08B00ADCEB3 /* RomanNumerals */ = {
			isa = PBXGroup;
			children = (
				96DD671A1B5DE08B00ADCEB3 /* AppDelegate.swift */,
				96DD671C1B5DE08B00ADCEB3 /* ViewController.swift */,
				96DD671E1B5DE08B00ADCEB3 /* Main.storyboard */,
				96DD67211B5DE08B00ADCEB3 /* Images.xcassets */,
				96DD67231B5DE08B00ADCEB3 /* LaunchScreen.xib */,
				96DD67181B5DE08B00ADCEB3 /* Supporting Files */,
			);
			path = RomanNumerals;
			sourceTree = "<group>";
		};
		96DD67181B5DE08B00ADCEB3 /* Supporting Files */ = {
			isa = PBXGroup;
			children = (
				96DD67191B5DE08B00ADCEB3 /* Info.plist */,
			);
			name = "Supporting Files";
			sourceTree = "<group>";
		};
		96DD672D1B5DE08B00ADCEB3 /* RomanNumeralsTests */ = {
			isa = PBXGroup;
			children = (
				96DD67301B5DE08B00ADCEB3 /* RomanNumeralsTests.swift */,
				96DD672E1B5DE08B00ADCEB3 /* Supporting Files */,
			);
			path = RomanNumeralsTests;
			sourceTree = "<group>";
		};
		96DD672E1B5DE08B00ADCEB3 /* Supporting Files */ = {
			isa = PBXGroup;
			children = (
				96DD672F1B5DE08B00ADCEB3 /* Info.plist */,
			);
			name = "Supporting Files";
			sourceTree = "<group>";
		};
/* End PBXGroup section */

/* Begin PBXNativeTarget section */
		96DD67141B5DE08B00ADCEB3 /* RomanNumerals */ = {
			isa = PBXNativeTarget;
			buildConfigurationList = 96DD67341B5DE08B00ADCEB3 /* Build configuration list for PBXNativeTarget "RomanNumerals" */;
			buildPhases = (
				96DD67111B5DE08B00ADCEB3 /* Sources */,
				96DD67121B5DE08B00ADCEB3 /* Frameworks */,
				96DD67131B5DE08B00ADCEB3 /* Resources */,
			);
			buildRules = (
			);
			dependencies = (
			);
			name = RomanNumerals;
			productName = RomanNumerals;
			productReference = 96DD67151B5DE08B00ADCEB3 /* RomanNumerals.app */;
			productType = "com.apple.product-type.application";
		};
		96DD67291B5DE08B00ADCEB3 /* RomanNumeralsTests */ = {
			isa = PBXNativeTarget;
			buildConfigurationList = 96DD67371B5DE08B00ADCEB3 /* Build configuration list for PBXNativeTarget "RomanNumeralsTests" */;
			buildPhases = (
				96DD67261B5DE08B00ADCEB3 /* Sources */,
				96DD67271B5DE08B00ADCEB3 /* Frameworks */,
				96DD67281B5DE08B00ADCEB3 /* Resources */,
			);
			buildRules = (
			);
			dependencies = (
				96DD672C1B5DE08B00ADCEB3 /* PBXTargetDependency */,
			);
			name = RomanNumeralsTests;
			productName = RomanNumeralsTests;
			productReference = 96DD672A1B5DE08B00ADCEB3 /* RomanNumeralsTests.xctest */;
			productType = "com.apple.product-type.bundle.unit-test";
		};
/* End PBXNativeTarget section */

/* Begin PBXProject section */
		96DD670D1B5DE08B00ADCEB3 /* Project object */ = {
			isa = PBXProject;
			attributes = {
				LastUpgradeCheck = 0640;
				ORGANIZATIONNAME = "Lauren Nicole Roth";
				TargetAttributes = {
					96DD67141B5DE08B00ADCEB3 = {
						CreatedOnToolsVersion = 6.4;
					};
					96DD67291B5DE08B00ADCEB3 = {
						CreatedOnToolsVersion = 6.4;
						TestTargetID = 96DD67141B5DE08B00ADCEB3;
					};
				};
			};
			buildConfigurationList = 96DD67101B5DE08B00ADCEB3 /* Build configuration list for PBXProject "RomanNumerals" */;
			compatibilityVersion = "Xcode 3.2";
			developmentRegion = English;
			hasScannedForEncodings = 0;
			knownRegions = (
				en,
				Base,
			);
			mainGroup = 96DD670C1B5DE08B00ADCEB3;
			productRefGroup = 96DD67161B5DE08B00ADCEB3 /* Products */;
			projectDirPath = "";
			projectRoot = "";
			targets = (
				96DD67141B5DE08B00ADCEB3 /* RomanNumerals */,
				96DD67291B5DE08B00ADCEB3 /* RomanNumeralsTests */,
			);
		};
/* End PBXProject section */

/* Begin PBXResourcesBuildPhase section */
		96DD67131B5DE08B00ADCEB3 /* Resources */ = {
			isa = PBXResourcesBuildPhase;
			buildActionMask = 2147483647;
			files = (
				96DD67201B5DE08B00ADCEB3 /* Main.storyboard in Resources */,
				96DD67251B5DE08B00ADCEB3 /* LaunchScreen.xib in Resources */,
				96DD67221B5DE08B00ADCEB3 /* Images.xcassets in Resources */,
			);
			runOnlyForDeploymentPostprocessing = 0;
		};
		96DD67281B5DE08B00ADCEB3 /* Resources */ = {
			isa = PBXResourcesBuildPhase;
			buildActionMask = 2147483647;
			files = (
			);
			runOnlyForDeploymentPostprocessing = 0;
		};
/* End PBXResourcesBuildPhase section */

/* Begin PBXSourcesBuildPhase section */
		96DD67111B5DE08B00ADCEB3 /* Sources */ = {
			isa = PBXSourcesBuildPhase;
			buildActionMask = 2147483647;
			files = (
				96DD671D1B5DE08B00ADCEB3 /* ViewController.swift in Sources */,
				96DD671B1B5DE08B00ADCEB3 /* AppDelegate.swift in Sources */,
			);
			runOnlyForDeploymentPostprocessing = 0;
		};
		96DD67261B5DE08B00ADCEB3 /* Sources */ = {
			isa = PBXSourcesBuildPhase;
			buildActionMask = 2147483647;
			files = (
				96DD67311B5DE08B00ADCEB3 /* RomanNumeralsTests.swift in Sources */,
			);
			runOnlyForDeploymentPostprocessing = 0;
		};
/* End PBXSourcesBuildPhase section */

/* Begin PBXTargetDependency section */
		96DD672C1B5DE08B00ADCEB3 /* PBXTargetDependency */ = {
			isa = PBXTargetDependency;
			target = 96DD67141B5DE08B00ADCEB3 /* RomanNumerals */;
			targetProxy = 96DD672B1B5DE08B00ADCEB3 /* PBXContainerItemProxy */;
		};
/* End PBXTargetDependency section */

/* Begin PBXVariantGroup section */
		96DD671E1B5DE08B00ADCEB3 /* Main.storyboard */ = {
			isa = PBXVariantGroup;
			children = (
				96DD671F1B5DE08B00ADCEB3 /* Base */,
			);
			name = Main.storyboard;
			sourceTree = "<group>";
		};
		96DD67231B5DE08B00ADCEB3 /* LaunchScreen.xib */ = {
			isa = PBXVariantGroup;
			children = (
				96DD67241B5DE08B00ADCEB3 /* Base */,
			);
			name = LaunchScreen.xib;
			sourceTree = "<group>";
		};
/* End PBXVariantGroup section */

/* Begin XCBuildConfiguration section */
		96DD67321B5DE08B00ADCEB3 /* Debug */ = {
			isa = XCBuildConfiguration;
			buildSettings = {
				ALWAYS_SEARCH_USER_PATHS = NO;
				CLANG_CXX_LANGUAGE_STANDARD = "gnu++0x";
				CLANG_CXX_LIBRARY = "libc++";
				CLANG_ENABLE_MODULES = YES;
				CLANG_ENABLE_OBJC_ARC = YES;
				CLANG_WARN_BOOL_CONVERSION = YES;
				CLANG_WARN_CONSTANT_CONVERSION = YES;
				CLANG_WARN_DIRECT_OBJC_ISA_USAGE = YES_ERROR;
				CLANG_WARN_EMPTY_BODY = YES;
				CLANG_WARN_ENUM_CONVERSION = YES;
				CLANG_WARN_INT_CONVERSION = YES;
				CLANG_WARN_OBJC_ROOT_CLASS = YES_ERROR;
				CLANG_WARN_UNREACHABLE_CODE = YES;
				CLANG_WARN__DUPLICATE_METHOD_MATCH = YES;
				"CODE_SIGN_IDENTITY[sdk=iphoneos*]" = "iPhone Developer";
				COPY_PHASE_STRIP = NO;
				DEBUG_INFORMATION_FORMAT = "dwarf-with-dsym";
				ENABLE_STRICT_OBJC_MSGSEND = YES;
				GCC_C_LANGUAGE_STANDARD = gnu99;
				GCC_DYNAMIC_NO_PIC = NO;
				GCC_NO_COMMON_BLOCKS = YES;
				GCC_OPTIMIZATION_LEVEL = 0;
				GCC_PREPROCESSOR_DEFINITIONS = (
					"DEBUG=1",
					"$(inherited)",
				);
				GCC_SYMBOLS_PRIVATE_EXTERN = NO;
				GCC_WARN_64_TO_32_BIT_CONVERSION = YES;
				GCC_WARN_ABOUT_RETURN_TYPE = YES_ERROR;
				GCC_WARN_UNDECLARED_SELECTOR = YES;
				GCC_WARN_UNINITIALIZED_AUTOS = YES_AGGRESSIVE;
				GCC_WARN_UNUSED_FUNCTION = YES;
				GCC_WARN_UNUSED_VARIABLE = YES;
				IPHONEOS_DEPLOYMENT_TARGET = 8.4;
				MTL_ENABLE_DEBUG_INFO = YES;
				ONLY_ACTIVE_ARCH = YES;
				SDKROOT = iphoneos;
				SWIFT_OPTIMIZATION_LEVEL = "-Onone";
			};
			name = Debug;
		};
		96DD67331B5DE08B00ADCEB3 /* Release */ = {
			isa = XCBuildConfiguration;
			buildSettings = {
				ALWAYS_SEARCH_USER_PATHS = NO;
				CLANG_CXX_LANGUAGE_STANDARD = "gnu++0x";
				CLANG_CXX_LIBRARY = "libc++";
				CLANG_ENABLE_MODULES = YES;
				CLANG_ENABLE_OBJC_ARC = YES;
				CLANG_WARN_BOOL_CONVERSION = YES;
				CLANG_WARN_CONSTANT_CONVERSION = YES;
				CLANG_WARN_DIRECT_OBJC_ISA_USAGE = YES_ERROR;
				CLANG_WARN_EMPTY_BODY = YES;
				CLANG_WARN_ENUM_CONVERSION = YES;
				CLANG_WARN_INT_CONVERSION = YES;
				CLANG_WARN_OBJC_ROOT_CLASS = YES_ERROR;
				CLANG_WARN_UNREACHABLE_CODE = YES;
				CLANG_WARN__DUPLICATE_METHOD_MATCH = YES;
				"CODE_SIGN_IDENTITY[sdk=iphoneos*]" = "iPhone Developer";
				COPY_PHASE_STRIP = NO;
				DEBUG_INFORMATION_FORMAT = "dwarf-with-dsym";
				ENABLE_NS_ASSERTIONS = NO;
				ENABLE_STRICT_OBJC_MSGSEND = YES;
				GCC_C_LANGUAGE_STANDARD = gnu99;
				GCC_NO_COMMON_BLOCKS = YES;
				GCC_WARN_64_TO_32_BIT_CONVERSION = YES;
				GCC_WARN_ABOUT_RETURN_TYPE = YES_ERROR;
				GCC_WARN_UNDECLARED_SELECTOR = YES;
				GCC_WARN_UNINITIALIZED_AUTOS = YES_AGGRESSIVE;
				GCC_WARN_UNUSED_FUNCTION = YES;
				GCC_WARN_UNUSED_VARIABLE = YES;
				IPHONEOS_DEPLOYMENT_TARGET = 8.4;
				MTL_ENABLE_DEBUG_INFO = NO;
				SDKROOT = iphoneos;
				VALIDATE_PRODUCT = YES;
			};
			name = Release;
		};
		96DD67351B5DE08B00ADCEB3 /* Debug */ = {
			isa = XCBuildConfiguration;
			buildSettings = {
				ASSETCATALOG_COMPILER_APPICON_NAME = AppIcon;
				INFOPLIST_FILE = RomanNumerals/Info.plist;
				LD_RUNPATH_SEARCH_PATHS = "$(inherited) @executable_path/Frameworks";
				PRODUCT_NAME = "$(TARGET_NAME)";
			};
			name = Debug;
		};
		96DD67361B5DE08B00ADCEB3 /* Release */ = {
			isa = XCBuildConfiguration;
			buildSettings = {
				ASSETCATALOG_COMPILER_APPICON_NAME = AppIcon;
				INFOPLIST_FILE = RomanNumerals/Info.plist;
				LD_RUNPATH_SEARCH_PATHS = "$(inherited) @executable_path/Frameworks";
				PRODUCT_NAME = "$(TARGET_NAME)";
			};
			name = Release;
		};
		96DD67381B5DE08B00ADCEB3 /* Debug */ = {
			isa = XCBuildConfiguration;
			buildSettings = {
				BUNDLE_LOADER = "$(TEST_HOST)";
				FRAMEWORK_SEARCH_PATHS = (
					"$(SDKROOT)/Developer/Library/Frameworks",
					"$(inherited)",
				);
				GCC_PREPROCESSOR_DEFINITIONS = (
					"DEBUG=1",
					"$(inherited)",
				);
				INFOPLIST_FILE = RomanNumeralsTests/Info.plist;
				LD_RUNPATH_SEARCH_PATHS = "$(inherited) @executable_path/Frameworks @loader_path/Frameworks";
				PRODUCT_NAME = "$(TARGET_NAME)";
				TEST_HOST = "$(BUILT_PRODUCTS_DIR)/RomanNumerals.app/RomanNumerals";
			};
			name = Debug;
		};
		96DD67391B5DE08B00ADCEB3 /* Release */ = {
			isa = XCBuildConfiguration;
			buildSettings = {
				BUNDLE_LOADER = "$(TEST_HOST)";
				FRAMEWORK_SEARCH_PATHS = (
					"$(SDKROOT)/Developer/Library/Frameworks",
					"$(inherited)",
				);
				INFOPLIST_FILE = RomanNumeralsTests/Info.plist;
				LD_RUNPATH_SEARCH_PATHS = "$(inherited) @executable_path/Frameworks @loader_path/Frameworks";
				PRODUCT_NAME = "$(TARGET_NAME)";
				TEST_HOST = "$(BUILT_PRODUCTS_DIR)/RomanNumerals.app/RomanNumerals";
			};
			name = Release;
		};
/* End XCBuildConfiguration section */

/* Begin XCConfigurationList section */
		96DD67101B5DE08B00ADCEB3 /* Build configuration list for PBXProject "RomanNumerals" */ = {
			isa = XCConfigurationList;
			buildConfigurations = (
				96DD67321B5DE08B00ADCEB3 /* Debug */,
				96DD67331B5DE08B00ADCEB3 /* Release */,
			);
			defaultConfigurationIsVisible = 0;
			defaultConfigurationName = Release;
		};
		96DD67341B5DE08B00ADCEB3 /* Build configuration list for PBXNativeTarget "RomanNumerals" */ = {
			isa = XCConfigurationList;
			buildConfigurations = (
				96DD67351B5DE08B00ADCEB3 /* Debug */,
				96DD67361B5DE08B00ADCEB3 /* Release */,
			);
			defaultConfigurationIsVisible = 0;
		};
		96DD67371B5DE08B00ADCEB3 /* Build configuration list for PBXNativeTarget "RomanNumeralsTests" */ = {
			isa = XCConfigurationList;
			buildConfigurations = (
				96DD67381B5DE08B00ADCEB3 /* Debug */,
				96DD67391B5DE08B00ADCEB3 /* Release */,
			);
			defaultConfigurationIsVisible = 0;
		};
/* End XCConfigurationList section */
	};
	rootObject = 96DD670D1B5DE08B00ADCEB3 /* Project object */;
}
